
Microsoft Visual Studio Solution File, Format Version 12.00
# Visual Studio Version 17
VisualStudioVersion = 17.0.31903.59
MinimumVisualStudioVersion = 10.0.40219.1
Project("{2150E333-8FDC-42A3-9474-1A3956D46DE8}") = "src", "src", "{827E0CD3-B72D-47B6-A68D-7590B98EB39B}"
EndProject
Project("{2150E333-8FDC-42A3-9474-1A3956D46DE8}") = "models", "models", "{C88660C5-E5FA-908F-FB87-9B230F9D594E}"
EndProject
Project("{FAE04EC0-301F-11D3-BF4B-00C04F79EFBC}") = "Dominicus.Models", "src\models\Dominicus.Models\Dominicus.Models.csproj", "{C8DAFF41-6BAD-4AC3-89AE-41152051BB91}"
EndProject
Project("{FAE04EC0-301F-11D3-BF4B-00C04F79EFBC}") = "Dominicus.Core.Abstractions", "src\services\Dominicus.Core.Abstractions\Dominicus.Core.Abstractions.csproj", "{F27F2837-53F5-4C18-A008-813F2A68989E}"
EndProject
Project("{FAE04EC0-301F-11D3-BF4B-00C04F79EFBC}") = "Dominicus.Core", "src\services\Dominicus.Core\Dominicus.Core.csproj", "{697D3568-B3A8-4F47-A416-1C236DA09085}"
EndProject
Project("{FAE04EC0-301F-11D3-BF4B-00C04F79EFBC}") = "Dominicus.Razor", "src\clients\Dominicus.Razor\Dominicus.Razor.csproj", "{FEF42C81-C1BF-4200-BA9B-660243ED5B24}"
EndProject
Project("{FAE04EC0-301F-11D3-BF4B-00C04F79EFBC}") = "Dominicus.Core.Tests", "tests\Dominicus.Core.Tests\Dominicus.Core.Tests.csproj", "{69FC469D-B952-4D85-AD9A-603B7683A258}"
EndProject
Project("{FAE04EC0-301F-11D3-BF4B-00C04F79EFBC}") = "Dominicus.Razor.Tests", "tests\Dominicus.Razor.Tests\Dominicus.Razor.Tests.csproj", "{9856D3D0-5658-49B0-BB8E-49B97B1B2516}"
EndProject
Global
	GlobalSection(SolutionConfigurationPlatforms) = preSolution
		Debug|Any CPU = Debug|Any CPU
		Debug|x64 = Debug|x64
		Debug|x86 = Debug|x86
		Release|Any CPU = Release|Any CPU
		Release|x64 = Release|x64
		Release|x86 = Release|x86
	EndGlobalSection
	GlobalSection(ProjectConfigurationPlatforms) = postSolution
		{C8DAFF41-6BAD-4AC3-89AE-41152051BB91}.Debug|Any CPU.ActiveCfg = Debug|Any CPU
		{C8DAFF41-6BAD-4AC3-89AE-41152051BB91}.Debug|Any CPU.Build.0 = Debug|Any CPU
		{C8DAFF41-6BAD-4AC3-89AE-41152051BB91}.Debug|x64.ActiveCfg = Debug|Any CPU
		{C8DAFF41-6BAD-4AC3-89AE-41152051BB91}.Debug|x64.Build.0 = Debug|Any CPU
		{C8DAFF41-6BAD-4AC3-89AE-41152051BB91}.Debug|x86.ActiveCfg = Debug|Any CPU
		{C8DAFF41-6BAD-4AC3-89AE-41152051BB91}.Debug|x86.Build.0 = Debug|Any CPU
		{C8DAFF41-6BAD-4AC3-89AE-41152051BB91}.Release|Any CPU.ActiveCfg = Release|Any CPU
		{C8DAFF41-6BAD-4AC3-89AE-41152051BB91}.Release|Any CPU.Build.0 = Release|Any CPU
		{C8DAFF41-6BAD-4AC3-89AE-41152051BB91}.Release|x64.ActiveCfg = Release|Any CPU
		{C8DAFF41-6BAD-4AC3-89AE-41152051BB91}.Release|x64.Build.0 = Release|Any CPU
		{C8DAFF41-6BAD-4AC3-89AE-41152051BB91}.Release|x86.ActiveCfg = Release|Any CPU
		{C8DAFF41-6BAD-4AC3-89AE-41152051BB91}.Release|x86.Build.0 = Release|Any CPU
		{F27F2837-53F5-4C18-A008-813F2A68989E}.Debug|Any CPU.ActiveCfg = Debug|Any CPU
		{F27F2837-53F5-4C18-A008-813F2A68989E}.Debug|Any CPU.Build.0 = Debug|Any CPU
		{F27F2837-53F5-4C18-A008-813F2A68989E}.Debug|x64.ActiveCfg = Debug|Any CPU
		{F27F2837-53F5-4C18-A008-813F2A68989E}.Debug|x64.Build.0 = Debug|Any CPU
		{F27F2837-53F5-4C18-A008-813F2A68989E}.Debug|x86.ActiveCfg = Debug|Any CPU
		{F27F2837-53F5-4C18-A008-813F2A68989E}.Debug|x86.Build.0 = Debug|Any CPU
		{F27F2837-53F5-4C18-A008-813F2A68989E}.Release|Any CPU.ActiveCfg = Release|Any CPU
		{F27F2837-53F5-4C18-A008-813F2A68989E}.Release|Any CPU.Build.0 = Release|Any CPU
		{F27F2837-53F5-4C18-A008-813F2A68989E}.Release|x64.ActiveCfg = Release|Any CPU
		{F27F2837-53F5-4C18-A008-813F2A68989E}.Release|x64.Build.0 = Release|Any CPU
		{F27F2837-53F5-4C18-A008-813F2A68989E}.Release|x86.ActiveCfg = Release|Any CPU
		{F27F2837-53F5-4C18-A008-813F2A68989E}.Release|x86.Build.0 = Release|Any CPU
		{697D3568-B3A8-4F47-A416-1C236DA09085}.Debug|Any CPU.ActiveCfg = Debug|Any CPU
		{697D3568-B3A8-4F47-A416-1C236DA09085}.Debug|Any CPU.Build.0 = Debug|Any CPU
		{697D3568-B3A8-4F47-A416-1C236DA09085}.Debug|x64.ActiveCfg = Debug|Any CPU
		{697D3568-B3A8-4F47-A416-1C236DA09085}.Debug|x64.Build.0 = Debug|Any CPU
		{697D3568-B3A8-4F47-A416-1C236DA09085}.Debug|x86.ActiveCfg = Debug|Any CPU
		{697D3568-B3A8-4F47-A416-1C236DA09085}.Debug|x86.Build.0 = Debug|Any CPU
		{697D3568-B3A8-4F47-A416-1C236DA09085}.Release|Any CPU.ActiveCfg = Release|Any CPU
		{697D3568-B3A8-4F47-A416-1C236DA09085}.Release|Any CPU.Build.0 = Release|Any CPU
		{697D3568-B3A8-4F47-A416-1C236DA09085}.Release|x64.ActiveCfg = Release|Any CPU
		{697D3568-B3A8-4F47-A416-1C236DA09085}.Release|x64.Build.0 = Release|Any CPU
		{697D3568-B3A8-4F47-A416-1C236DA09085}.Release|x86.ActiveCfg = Release|Any CPU
		{697D3568-B3A8-4F47-A416-1C236DA09085}.Release|x86.Build.0 = Release|Any CPU
		{FEF42C81-C1BF-4200-BA9B-660243ED5B24}.Debug|Any CPU.ActiveCfg = Debug|Any CPU
		{FEF42C81-C1BF-4200-BA9B-660243ED5B24}.Debug|Any CPU.Build.0 = Debug|Any CPU
		{FEF42C81-C1BF-4200-BA9B-660243ED5B24}.Debug|x64.ActiveCfg = Debug|Any CPU
		{FEF42C81-C1BF-4200-BA9B-660243ED5B24}.Debug|x64.Build.0 = Debug|Any CPU
		{FEF42C81-C1BF-4200-BA9B-660243ED5B24}.Debug|x86.ActiveCfg = Debug|Any CPU
		{FEF42C81-C1BF-4200-BA9B-660243ED5B24}.Debug|x86.Build.0 = Debug|Any CPU
		{FEF42C81-C1BF-4200-BA9B-660243ED5B24}.Release|Any CPU.ActiveCfg = Release|Any CPU
		{FEF42C81-C1BF-4200-BA9B-660243ED5B24}.Release|Any CPU.Build.0 = Release|Any CPU
		{FEF42C81-C1BF-4200-BA9B-660243ED5B24}.Release|x64.ActiveCfg = Release|Any CPU
		{FEF42C81-C1BF-4200-BA9B-660243ED5B24}.Release|x64.Build.0 = Release|Any CPU
		{FEF42C81-C1BF-4200-BA9B-660243ED5B24}.Release|x86.ActiveCfg = Release|Any CPU
		{FEF42C81-C1BF-4200-BA9B-660243ED5B24}.Release|x86.Build.0 = Release|Any CPU
		{69FC469D-B952-4D85-AD9A-603B7683A258}.Debug|Any CPU.ActiveCfg = Debug|Any CPU
		{69FC469D-B952-4D85-AD9A-603B7683A258}.Debug|Any CPU.Build.0 = Debug|Any CPU
		{69FC469D-B952-4D85-AD9A-603B7683A258}.Debug|x64.ActiveCfg = Debug|Any CPU
		{69FC469D-B952-4D85-AD9A-603B7683A258}.Debug|x64.Build.0 = Debug|Any CPU
		{69FC469D-B952-4D85-AD9A-603B7683A258}.Debug|x86.ActiveCfg = Debug|Any CPU
		{69FC469D-B952-4D85-AD9A-603B7683A258}.Debug|x86.Build.0 = Debug|Any CPU
		{69FC469D-B952-4D85-AD9A-603B7683A258}.Release|Any CPU.ActiveCfg = Release|Any CPU
		{69FC469D-B952-4D85-AD9A-603B7683A258}.Release|Any CPU.Build.0 = Release|Any CPU
		{69FC469D-B952-4D85-AD9A-603B7683A258}.Release|x64.ActiveCfg = Release|Any CPU
		{69FC469D-B952-4D85-AD9A-603B7683A258}.Release|x64.Build.0 = Release|Any CPU
		{69FC469D-B952-4D85-AD9A-603B7683A258}.Release|x86.ActiveCfg = Release|Any CPU
		{69FC469D-B952-4D85-AD9A-603B7683A258}.Release|x86.Build.0 = Release|Any CPU
		{9856D3D0-5658-49B0-BB8E-49B97B1B2516}.Debug|Any CPU.ActiveCfg = Debug|Any CPU
		{9856D3D0-5658-49B0-BB8E-49B97B1B2516}.Debug|Any CPU.Build.0 = Debug|Any CPU
		{9856D3D0-5658-49B0-BB8E-49B97B1B2516}.Debug|x64.ActiveCfg = Debug|Any CPU
		{9856D3D0-5658-49B0-BB8E-49B97B1B2516}.Debug|x64.Build.0 = Debug|Any CPU
		{9856D3D0-5658-49B0-BB8E-49B97B1B2516}.Debug|x86.ActiveCfg = Debug|Any CPU
		{9856D3D0-5658-49B0-BB8E-49B97B1B2516}.Debug|x86.Build.0 = Debug|Any CPU
		{9856D3D0-5658-49B0-BB8E-49B97B1B2516}.Release|Any CPU.ActiveCfg = Release|Any CPU
		{9856D3D0-5658-49B0-BB8E-49B97B1B2516}.Release|Any CPU.Build.0 = Release|Any CPU
		{9856D3D0-5658-49B0-BB8E-49B97B1B2516}.Release|x64.ActiveCfg = Release|Any CPU
		{9856D3D0-5658-49B0-BB8E-49B97B1B2516}.Release|x64.Build.0 = Release|Any CPU
		{9856D3D0-5658-49B0-BB8E-49B97B1B2516}.Release|x86.ActiveCfg = Release|Any CPU
		{9856D3D0-5658-49B0-BB8E-49B97B1B2516}.Release|x86.Build.0 = Release|Any CPU
	EndGlobalSection
	GlobalSection(SolutionProperties) = preSolution
		HideSolutionNode = FALSE
	EndGlobalSection
	GlobalSection(NestedProjects) = preSolution
		{C88660C5-E5FA-908F-FB87-9B230F9D594E} = {827E0CD3-B72D-47B6-A68D-7590B98EB39B}
		{C8DAFF41-6BAD-4AC3-89AE-41152051BB91} = {C88660C5-E5FA-908F-FB87-9B230F9D594E}
		{F27F2837-53F5-4C18-A008-813F2A68989E} = {C88660C5-E5FA-908F-FB87-9B230F9D594E}
		{697D3568-B3A8-4F47-A416-1C236DA09085} = {C88660C5-E5FA-908F-FB87-9B230F9D594E}
		{FEF42C81-C1BF-4200-BA9B-660243ED5B24} = {C88660C5-E5FA-908F-FB87-9B230F9D594E}
		{69FC469D-B952-4D85-AD9A-603B7683A258} = {C88660C5-E5FA-908F-FB87-9B230F9D594E}
		{9856D3D0-5658-49B0-BB8E-49B97B1B2516} = {C88660C5-E5FA-908F-FB87-9B230F9D594E}
	EndGlobalSection
EndGlobal
